
Microsoft Visual Studio Solution File, Format Version 12.00
# Visual Studio Version 16
VisualStudioVersion = 16.0.29806.167
MinimumVisualStudioVersion = 10.0.40219.1
Project("{9A19103F-16F7-4668-BE54-9A1E7A4F7556}") = "PersonalWebsite", "src\PersonalWebsite\PersonalWebsite.csproj", "{8E183DBB-DA83-49C8-92E3-AD87B69F3046}"
EndProject
Project("{9A19103F-16F7-4668-BE54-9A1E7A4F7556}") = "PersonalWebsite.Shared", "src\PersonalWebsite.Shared\PersonalWebsite.Shared.csproj", "{2892B51C-2975-4B4C-B5E5-3237C9C93342}"
EndProject
Project("{9A19103F-16F7-4668-BE54-9A1E7A4F7556}") = "PersonalWebsiteServer", "src\PersonalWebsiteServer\PersonalWebsiteServer.csproj", "{B9706344-BB02-4781-A7B3-903173B80C50}"
EndProject
Global
	GlobalSection(SolutionConfigurationPlatforms) = preSolution
		Debug|Any CPU = Debug|Any CPU
		Release|Any CPU = Release|Any CPU
	EndGlobalSection
	GlobalSection(ProjectConfigurationPlatforms) = postSolution
		{8E183DBB-DA83-49C8-92E3-AD87B69F3046}.Debug|Any CPU.ActiveCfg = Debug|Any CPU
		{8E183DBB-DA83-49C8-92E3-AD87B69F3046}.Debug|Any CPU.Build.0 = Debug|Any CPU
		{8E183DBB-DA83-49C8-92E3-AD87B69F3046}.Release|Any CPU.ActiveCfg = Release|Any CPU
		{8E183DBB-DA83-49C8-92E3-AD87B69F3046}.Release|Any CPU.Build.0 = Release|Any CPU
		{2892B51C-2975-4B4C-B5E5-3237C9C93342}.Debug|Any CPU.ActiveCfg = Debug|Any CPU
		{2892B51C-2975-4B4C-B5E5-3237C9C93342}.Debug|Any CPU.Build.0 = Debug|Any CPU
		{2892B51C-2975-4B4C-B5E5-3237C9C93342}.Release|Any CPU.ActiveCfg = Release|Any CPU
		{2892B51C-2975-4B4C-B5E5-3237C9C93342}.Release|Any CPU.Build.0 = Release|Any CPU
		{B9706344-BB02-4781-A7B3-903173B80C50}.Debug|Any CPU.ActiveCfg = Debug|Any CPU
		{B9706344-BB02-4781-A7B3-903173B80C50}.Debug|Any CPU.Build.0 = Debug|Any CPU
		{B9706344-BB02-4781-A7B3-903173B80C50}.Release|Any CPU.ActiveCfg = Release|Any CPU
		{B9706344-BB02-4781-A7B3-903173B80C50}.Release|Any CPU.Build.0 = Release|Any CPU
	EndGlobalSection
	GlobalSection(SolutionProperties) = preSolution
		HideSolutionNode = FALSE
	EndGlobalSection
	GlobalSection(ExtensibilityGlobals) = postSolution
		SolutionGuid = {EAA6A8B0-B046-47DA-AE67-7D1AE4A98375}
	EndGlobalSection
EndGlobal
